{"is_source_file": false, "format": "", "description": "", "external_files": [], "external_methods": [], "published": [], "classes": [], "methods": [], "calls": [], "search-terms": [], "state": 2, "file_id": 7, "knowledge_revision": 23, "git_revision": "7b828537115f862f554cbeb450a7ae9e3f6bd5ae", "filename": "/home/kavia/workspace/code-generation/questforge-97559-97565/questforge/post_process_status.lock", "hash": "9c4ed7ef73e22b872b8055bec08b8979", "format-version": 4, "code-base-name": "default", "revision_history": [{"23": "7b828537115f862f554cbeb450a7ae9e3f6bd5ae"}]}